// !$*UTF8*$!
{
	archiveVersion = 1;
	classes = {
	};
	objectVersion = 46;
	objects = {

/* Begin PBXBuildFile section */
		528C8A49196008AD005DAD1E /* Foundation.framework in Frameworks */ = {isa = PBXBuildFile; fileRef = 528C8A48196008AD005DAD1E /* Foundation.framework */; };
		528C8A4B196008AD005DAD1E /* CoreGraphics.framework in Frameworks */ = {isa = PBXBuildFile; fileRef = 528C8A4A196008AD005DAD1E /* CoreGraphics.framework */; };
		528C8A4D196008AD005DAD1E /* UIKit.framework in Frameworks */ = {isa = PBXBuildFile; fileRef = 528C8A4C196008AD005DAD1E /* UIKit.framework */; };
		528C8A53196008AD005DAD1E /* InfoPlist.strings in Resources */ = {isa = PBXBuildFile; fileRef = 528C8A51196008AD005DAD1E /* InfoPlist.strings */; };
		528C8A55196008AD005DAD1E /* main.m in Sources */ = {isa = PBXBuildFile; fileRef = 528C8A54196008AD005DAD1E /* main.m */; };
		528C8A59196008AD005DAD1E /* XYZAppDelegate.m in Sources */ = {isa = PBXBuildFile; fileRef = 528C8A58196008AD005DAD1E /* XYZAppDelegate.m */; };
		528C8A5C196008AD005DAD1E /* Main_iPhone.storyboard in Resources */ = {isa = PBXBuildFile; fileRef = 528C8A5A196008AD005DAD1E /* Main_iPhone.storyboard */; };
		528C8A5F196008AD005DAD1E /* Main_iPad.storyboard in Resources */ = {isa = PBXBuildFile; fileRef = 528C8A5D196008AD005DAD1E /* Main_iPad.storyboard */; };
		528C8A62196008AD005DAD1E /* XYZMasterViewController.m in Sources */ = {isa = PBXBuildFile; fileRef = 528C8A61196008AD005DAD1E /* XYZMasterViewController.m */; };
		528C8A65196008AD005DAD1E /* XYZDetailViewController.m in Sources */ = {isa = PBXBuildFile; fileRef = 528C8A64196008AD005DAD1E /* XYZDetailViewController.m */; };
		528C8A67196008AD005DAD1E /* Images.xcassets in Resources */ = {isa = PBXBuildFile; fileRef = 528C8A66196008AD005DAD1E /* Images.xcassets */; };
		528C8A6E196008AD005DAD1E /* XCTest.framework in Frameworks */ = {isa = PBXBuildFile; fileRef = 528C8A6D196008AD005DAD1E /* XCTest.framework */; };
		528C8A6F196008AD005DAD1E /* Foundation.framework in Frameworks */ = {isa = PBXBuildFile; fileRef = 528C8A48196008AD005DAD1E /* Foundation.framework */; };
		528C8A70196008AD005DAD1E /* UIKit.framework in Frameworks */ = {isa = PBXBuildFile; fileRef = 528C8A4C196008AD005DAD1E /* UIKit.framework */; };
		528C8A78196008AD005DAD1E /* InfoPlist.strings in Resources */ = {isa = PBXBuildFile; fileRef = 528C8A76196008AD005DAD1E /* InfoPlist.strings */; };
		528C8A7A196008AD005DAD1E /* MashTests.m in Sources */ = {isa = PBXBuildFile; fileRef = 528C8A79196008AD005DAD1E /* MashTests.m */; };
		528C8A8B1960180B005DAD1E /* build in Resources */ = {isa = PBXBuildFile; fileRef = 528C8A851960180B005DAD1E /* build */; };
		528C8A8C1960180B005DAD1E /* hooks in Resources */ = {isa = PBXBuildFile; fileRef = 528C8A861960180B005DAD1E /* hooks */; };
		528C8A8D1960180B005DAD1E /* js in Resources */ = {isa = PBXBuildFile; fileRef = 528C8A871960180B005DAD1E /* js */; };
		528C8A8E1960180B005DAD1E /* platforms in Resources */ = {isa = PBXBuildFile; fileRef = 528C8A881960180B005DAD1E /* platforms */; };
		528C8A8F1960180B005DAD1E /* plugins in Resources */ = {isa = PBXBuildFile; fileRef = 528C8A891960180B005DAD1E /* plugins */; };
		528C8A93196018CD005DAD1E /* www in Resources */ = {isa = PBXBuildFile; fileRef = 528C8A92196018CD005DAD1E /* www */; };
/* End PBXBuildFile section */

/* Begin PBXContainerItemProxy section */
		528C8A71196008AD005DAD1E /* PBXContainerItemProxy */ = {
			isa = PBXContainerItemProxy;
			containerPortal = 528C8A3D196008AD005DAD1E /* Project object */;
			proxyType = 1;
			remoteGlobalIDString = 528C8A44196008AD005DAD1E;
			remoteInfo = Mash;
		};
/* End PBXContainerItemProxy section */

/* Begin PBXFileReference section */
		528C8A45196008AD005DAD1E /* Mash.app */ = {isa = PBXFileReference; explicitFileType = wrapper.application; includeInIndex = 0; path = Mash.app; sourceTree = BUILT_PRODUCTS_DIR; };
		528C8A48196008AD005DAD1E /* Foundation.framework */ = {isa = PBXFileReference; lastKnownFileType = wrapper.framework; name = Foundation.framework; path = System/Library/Frameworks/Foundation.framework; sourceTree = SDKROOT; };
		528C8A4A196008AD005DAD1E /* CoreGraphics.framework */ = {isa = PBXFileReference; lastKnownFileType = wrapper.framework; name = CoreGraphics.framework; path = System/Library/Frameworks/CoreGraphics.framework; sourceTree = SDKROOT; };
		528C8A4C196008AD005DAD1E /* UIKit.framework */ = {isa = PBXFileReference; lastKnownFileType = wrapper.framework; name = UIKit.framework; path = System/Library/Frameworks/UIKit.framework; sourceTree = SDKROOT; };
		528C8A50196008AD005DAD1E /* Mash-Info.plist */ = {isa = PBXFileReference; lastKnownFileType = text.plist.xml; path = "Mash-Info.plist"; sourceTree = "<group>"; };
		528C8A52196008AD005DAD1E /* en */ = {isa = PBXFileReference; lastKnownFileType = text.plist.strings; name = en; path = en.lproj/InfoPlist.strings; sourceTree = "<group>"; };
		528C8A54196008AD005DAD1E /* main.m */ = {isa = PBXFileReference; lastKnownFileType = sourcecode.c.objc; path = main.m; sourceTree = "<group>"; };
		528C8A56196008AD005DAD1E /* Mash-Prefix.pch */ = {isa = PBXFileReference; lastKnownFileType = sourcecode.c.h; path = "Mash-Prefix.pch"; sourceTree = "<group>"; };
		528C8A57196008AD005DAD1E /* XYZAppDelegate.h */ = {isa = PBXFileReference; lastKnownFileType = sourcecode.c.h; path = XYZAppDelegate.h; sourceTree = "<group>"; };
		528C8A58196008AD005DAD1E /* XYZAppDelegate.m */ = {isa = PBXFileReference; lastKnownFileType = sourcecode.c.objc; path = XYZAppDelegate.m; sourceTree = "<group>"; };
		528C8A5B196008AD005DAD1E /* Base */ = {isa = PBXFileReference; lastKnownFileType = text.xml; name = Base; path = Base.lproj/Main_iPhone.storyboard; sourceTree = "<group>"; };
		528C8A5E196008AD005DAD1E /* Base */ = {isa = PBXFileReference; lastKnownFileType = text.xml; name = Base; path = Base.lproj/Main_iPad.storyboard; sourceTree = "<group>"; };
		528C8A60196008AD005DAD1E /* XYZMasterViewController.h */ = {isa = PBXFileReference; lastKnownFileType = sourcecode.c.h; path = XYZMasterViewController.h; sourceTree = "<group>"; };
		528C8A61196008AD005DAD1E /* XYZMasterViewController.m */ = {isa = PBXFileReference; lastKnownFileType = sourcecode.c.objc; path = XYZMasterViewController.m; sourceTree = "<group>"; };
		528C8A63196008AD005DAD1E /* XYZDetailViewController.h */ = {isa = PBXFileReference; lastKnownFileType = sourcecode.c.h; path = XYZDetailViewController.h; sourceTree = "<group>"; };
		528C8A64196008AD005DAD1E /* XYZDetailViewController.m */ = {isa = PBXFileReference; lastKnownFileType = sourcecode.c.objc; path = XYZDetailViewController.m; sourceTree = "<group>"; };
		528C8A66196008AD005DAD1E /* Images.xcassets */ = {isa = PBXFileReference; lastKnownFileType = folder; path = Images.xcassets; sourceTree = "<group>"; };
		528C8A6C196008AD005DAD1E /* MashTests */ = {isa = PBXFileReference; includeInIndex = 0; lastKnownFileType = wrapper.cfbundle; path = MashTests; sourceTree = BUILT_PRODUCTS_DIR; };
		528C8A6D196008AD005DAD1E /* XCTest.framework */ = {isa = PBXFileReference; lastKnownFileType = wrapper.framework; name = XCTest.framework; path = Library/Frameworks/XCTest.framework; sourceTree = DEVELOPER_DIR; };
		528C8A75196008AD005DAD1E /* MashTests-Info.plist */ = {isa = PBXFileReference; lastKnownFileType = text.plist.xml; path = "MashTests-Info.plist"; sourceTree = "<group>"; };
		528C8A77196008AD005DAD1E /* en */ = {isa = PBXFileReference; lastKnownFileType = text.plist.strings; name = en; path = en.lproj/InfoPlist.strings; sourceTree = "<group>"; };
		528C8A79196008AD005DAD1E /* MashTests.m */ = {isa = PBXFileReference; lastKnownFileType = sourcecode.c.objc; path = MashTests.m; sourceTree = "<group>"; };
		528C8A851960180B005DAD1E /* build */ = {isa = PBXFileReference; lastKnownFileType = folder; path = build; sourceTree = "<group>"; };
		528C8A861960180B005DAD1E /* hooks */ = {isa = PBXFileReference; lastKnownFileType = folder; path = hooks; sourceTree = "<group>"; };
		528C8A871960180B005DAD1E /* js */ = {isa = PBXFileReference; lastKnownFileType = folder; path = js; sourceTree = "<group>"; };
		528C8A881960180B005DAD1E /* platforms */ = {isa = PBXFileReference; lastKnownFileType = folder; path = platforms; sourceTree = "<group>"; };
		528C8A891960180B005DAD1E /* plugins */ = {isa = PBXFileReference; lastKnownFileType = folder; path = plugins; sourceTree = "<group>"; };
		528C8A92196018CD005DAD1E /* www */ = {isa = PBXFileReference; lastKnownFileType = folder; path = www; sourceTree = "<group>"; };
/* End PBXFileReference section */

/* Begin PBXFrameworksBuildPhase section */
		528C8A42196008AD005DAD1E /* Frameworks */ = {
			isa = PBXFrameworksBuildPhase;
			buildActionMask = 2147483647;
			files = (
				528C8A4B196008AD005DAD1E /* CoreGraphics.framework in Frameworks */,
				528C8A4D196008AD005DAD1E /* UIKit.framework in Frameworks */,
				528C8A49196008AD005DAD1E /* Foundation.framework in Frameworks */,
			);
			runOnlyForDeploymentPostprocessing = 0;
		};
		528C8A69196008AD005DAD1E /* Frameworks */ = {
			isa = PBXFrameworksBuildPhase;
			buildActionMask = 2147483647;
			files = (
				528C8A6E196008AD005DAD1E /* XCTest.framework in Frameworks */,
				528C8A70196008AD005DAD1E /* UIKit.framework in Frameworks */,
				528C8A6F196008AD005DAD1E /* Foundation.framework in Frameworks */,
			);
			runOnlyForDeploymentPostprocessing = 0;
		};
/* End PBXFrameworksBuildPhase section */

/* Begin PBXGroup section */
		528C8A3C196008AD005DAD1E = {
			isa = PBXGroup;
			children = (
				528C8A92196018CD005DAD1E /* www */,
				528C8A851960180B005DAD1E /* build */,
				528C8A861960180B005DAD1E /* hooks */,
				528C8A871960180B005DAD1E /* js */,
				528C8A881960180B005DAD1E /* platforms */,
				528C8A891960180B005DAD1E /* plugins */,
				528C8A4E196008AD005DAD1E /* Mash */,
				528C8A73196008AD005DAD1E /* MashTests */,
				528C8A47196008AD005DAD1E /* Frameworks */,
				528C8A46196008AD005DAD1E /* Products */,
			);
			sourceTree = "<group>";
		};
		528C8A46196008AD005DAD1E /* Products */ = {
			isa = PBXGroup;
			children = (
				528C8A45196008AD005DAD1E /* Mash.app */,
				528C8A6C196008AD005DAD1E /* MashTests */,
			);
			name = Products;
			sourceTree = "<group>";
		};
		528C8A47196008AD005DAD1E /* Frameworks */ = {
			isa = PBXGroup;
			children = (
				528C8A48196008AD005DAD1E /* Foundation.framework */,
				528C8A4A196008AD005DAD1E /* CoreGraphics.framework */,
				528C8A4C196008AD005DAD1E /* UIKit.framework */,
				528C8A6D196008AD005DAD1E /* XCTest.framework */,
			);
			name = Frameworks;
			sourceTree = "<group>";
		};
		528C8A4E196008AD005DAD1E /* Mash */ = {
			isa = PBXGroup;
			children = (
				528C8A57196008AD005DAD1E /* XYZAppDelegate.h */,
				528C8A58196008AD005DAD1E /* XYZAppDelegate.m */,
				528C8A5A196008AD005DAD1E /* Main_iPhone.storyboard */,
				528C8A5D196008AD005DAD1E /* Main_iPad.storyboard */,
				528C8A60196008AD005DAD1E /* XYZMasterViewController.h */,
				528C8A61196008AD005DAD1E /* XYZMasterViewController.m */,
				528C8A63196008AD005DAD1E /* XYZDetailViewController.h */,
				528C8A64196008AD005DAD1E /* XYZDetailViewController.m */,
				528C8A66196008AD005DAD1E /* Images.xcassets */,
				528C8A4F196008AD005DAD1E /* Supporting Files */,
			);
			path = Mash;
			sourceTree = "<group>";
		};
		528C8A4F196008AD005DAD1E /* Supporting Files */ = {
			isa = PBXGroup;
			children = (
				528C8A50196008AD005DAD1E /* Mash-Info.plist */,
				528C8A51196008AD005DAD1E /* InfoPlist.strings */,
				528C8A54196008AD005DAD1E /* main.m */,
				528C8A56196008AD005DAD1E /* Mash-Prefix.pch */,
			);
			name = "Supporting Files";
			sourceTree = "<group>";
		};
		528C8A73196008AD005DAD1E /* MashTests */ = {
			isa = PBXGroup;
			children = (
				528C8A79196008AD005DAD1E /* MashTests.m */,
				528C8A74196008AD005DAD1E /* Supporting Files */,
			);
			path = MashTests;
			sourceTree = "<group>";
		};
		528C8A74196008AD005DAD1E /* Supporting Files */ = {
			isa = PBXGroup;
			children = (
				528C8A75196008AD005DAD1E /* MashTests-Info.plist */,
				528C8A76196008AD005DAD1E /* InfoPlist.strings */,
			);
			name = "Supporting Files";
			sourceTree = "<group>";
		};
/* End PBXGroup section */

/* Begin PBXNativeTarget section */
		528C8A44196008AD005DAD1E /* Mash */ = {
			isa = PBXNativeTarget;
			buildConfigurationList = 528C8A7D196008AD005DAD1E /* Build configuration list for PBXNativeTarget "Mash" */;
			buildPhases = (
				528C8A41196008AD005DAD1E /* Sources */,
				528C8A42196008AD005DAD1E /* Frameworks */,
				528C8A43196008AD005DAD1E /* Resources */,
			);
			buildRules = (
			);
			dependencies = (
			);
			name = Mash;
			productName = Mash;
			productReference = 528C8A45196008AD005DAD1E /* Mash.app */;
			productType = "com.apple.product-type.application";
		};
		528C8A6B196008AD005DAD1E /* MashTests */ = {
			isa = PBXNativeTarget;
			buildConfigurationList = 528C8A80196008AD005DAD1E /* Build configuration list for PBXNativeTarget "MashTests" */;
			buildPhases = (
				528C8A68196008AD005DAD1E /* Sources */,
				528C8A69196008AD005DAD1E /* Frameworks */,
				528C8A6A196008AD005DAD1E /* Resources */,
			);
			buildRules = (
			);
			dependencies = (
				528C8A72196008AD005DAD1E /* PBXTargetDependency */,
			);
			name = MashTests;
			productName = MashTests;
			productReference = 528C8A6C196008AD005DAD1E /* MashTests */;
			productType = "com.apple.product-type.bundle.unit-test";
		};
/* End PBXNativeTarget section */

/* Begin PBXProject section */
		528C8A3D196008AD005DAD1E /* Project object */ = {
			isa = PBXProject;
			attributes = {
				CLASSPREFIX = XYZ;
				LastUpgradeCheck = 0510;
				ORGANIZATIONNAME = Mash;
				TargetAttributes = {
					528C8A6B196008AD005DAD1E = {
						TestTargetID = 528C8A44196008AD005DAD1E;
					};
				};
			};
			buildConfigurationList = 528C8A40196008AD005DAD1E /* Build configuration list for PBXProject "Mash" */;
			compatibilityVersion = "Xcode 3.2";
			developmentRegion = English;
			hasScannedForEncodings = 0;
			knownRegions = (
				en,
				Base,
			);
			mainGroup = 528C8A3C196008AD005DAD1E;
			productRefGroup = 528C8A46196008AD005DAD1E /* Products */;
			projectDirPath = "";
			projectRoot = "";
			targets = (
				528C8A44196008AD005DAD1E /* Mash */,
				528C8A6B196008AD005DAD1E /* MashTests */,
			);
		};
/* End PBXProject section */

/* Begin PBXResourcesBuildPhase section */
		528C8A43196008AD005DAD1E /* Resources */ = {
			isa = PBXResourcesBuildPhase;
			buildActionMask = 2147483647;
			files = (
				528C8A8B1960180B005DAD1E /* build in Resources */,
				528C8A8E1960180B005DAD1E /* platforms in Resources */,
				528C8A5F196008AD005DAD1E /* Main_iPad.storyboard in Resources */,
				528C8A67196008AD005DAD1E /* Images.xcassets in Resources */,
				528C8A8D1960180B005DAD1E /* js in Resources */,
				528C8A8C1960180B005DAD1E /* hooks in Resources */,
				528C8A8F1960180B005DAD1E /* plugins in Resources */,
				528C8A5C196008AD005DAD1E /* Main_iPhone.storyboard in Resources */,
				528C8A93196018CD005DAD1E /* www in Resources */,
				528C8A53196008AD005DAD1E /* InfoPlist.strings in Resources */,
			);
			runOnlyForDeploymentPostprocessing = 0;
		};
		528C8A6A196008AD005DAD1E /* Resources */ = {
			isa = PBXResourcesBuildPhase;
			buildActionMask = 2147483647;
			files = (
				528C8A78196008AD005DAD1E /* InfoPlist.strings in Resources */,
			);
			runOnlyForDeploymentPostprocessing = 0;
		};
/* End PBXResourcesBuildPhase section */

/* Begin PBXSourcesBuildPhase section */
		528C8A41196008AD005DAD1E /* Sources */ = {
			isa = PBXSourcesBuildPhase;
			buildActionMask = 2147483647;
			files = (
				528C8A59196008AD005DAD1E /* XYZAppDelegate.m in Sources */,
				528C8A65196008AD005DAD1E /* XYZDetailViewController.m in Sources */,
				528C8A62196008AD005DAD1E /* XYZMasterViewController.m in Sources */,
				528C8A55196008AD005DAD1E /* main.m in Sources */,
			);
			runOnlyForDeploymentPostprocessing = 0;
		};
		528C8A68196008AD005DAD1E /* Sources */ = {
			isa = PBXSourcesBuildPhase;
			buildActionMask = 2147483647;
			files = (
				528C8A7A196008AD005DAD1E /* MashTests.m in Sources */,
			);
			runOnlyForDeploymentPostprocessing = 0;
		};
/* End PBXSourcesBuildPhase section */

/* Begin PBXTargetDependency section */
		528C8A72196008AD005DAD1E /* PBXTargetDependency */ = {
			isa = PBXTargetDependency;
			target = 528C8A44196008AD005DAD1E /* Mash */;
			targetProxy = 528C8A71196008AD005DAD1E /* PBXContainerItemProxy */;
		};
/* End PBXTargetDependency section */

/* Begin PBXVariantGroup section */
		528C8A51196008AD005DAD1E /* InfoPlist.strings */ = {
			isa = PBXVariantGroup;
			children = (
				528C8A52196008AD005DAD1E /* en */,
			);
			name = InfoPlist.strings;
			sourceTree = "<group>";
		};
		528C8A5A196008AD005DAD1E /* Main_iPhone.storyboard */ = {
			isa = PBXVariantGroup;
			children = (
				528C8A5B196008AD005DAD1E /* Base */,
			);
			name = Main_iPhone.storyboard;
			sourceTree = "<group>";
		};
		528C8A5D196008AD005DAD1E /* Main_iPad.storyboard */ = {
			isa = PBXVariantGroup;
			children = (
				528C8A5E196008AD005DAD1E /* Base */,
			);
			name = Main_iPad.storyboard;
			sourceTree = "<group>";
		};
		528C8A76196008AD005DAD1E /* InfoPlist.strings */ = {
			isa = PBXVariantGroup;
			children = (
				528C8A77196008AD005DAD1E /* en */,
			);
			name = InfoPlist.strings;
			sourceTree = "<group>";
		};
/* End PBXVariantGroup section */

/* Begin XCBuildConfiguration section */
		528C8A7B196008AD005DAD1E /* Debug */ = {
			isa = XCBuildConfiguration;
			buildSettings = {
				ALWAYS_SEARCH_USER_PATHS = NO;
				CLANG_CXX_LANGUAGE_STANDARD = "gnu++0x";
				CLANG_CXX_LIBRARY = "libc++";
				CLANG_ENABLE_MODULES = YES;
				CLANG_ENABLE_OBJC_ARC = YES;
				CLANG_WARN_BOOL_CONVERSION = YES;
				CLANG_WARN_CONSTANT_CONVERSION = YES;
				CLANG_WARN_DIRECT_OBJC_ISA_USAGE = YES_ERROR;
				CLANG_WARN_EMPTY_BODY = YES;
				CLANG_WARN_ENUM_CONVERSION = YES;
				CLANG_WARN_INT_CONVERSION = YES;
				CLANG_WARN_OBJC_ROOT_CLASS = YES_ERROR;
				CLANG_WARN__DUPLICATE_METHOD_MATCH = YES;
				"CODE_SIGN_IDENTITY[sdk=iphoneos*]" = "iPhone Developer";
				COPY_PHASE_STRIP = NO;
				GCC_C_LANGUAGE_STANDARD = gnu99;
				GCC_DYNAMIC_NO_PIC = NO;
				GCC_OPTIMIZATION_LEVEL = 0;
				GCC_PREPROCESSOR_DEFINITIONS = (
					"DEBUG=1",
					"$(inherited)",
				);
				GCC_SYMBOLS_PRIVATE_EXTERN = NO;
				GCC_WARN_64_TO_32_BIT_CONVERSION = YES;
				GCC_WARN_ABOUT_RETURN_TYPE = YES_ERROR;
				GCC_WARN_UNDECLARED_SELECTOR = YES;
				GCC_WARN_UNINITIALIZED_AUTOS = YES_AGGRESSIVE;
				GCC_WARN_UNUSED_FUNCTION = YES;
				GCC_WARN_UNUSED_VARIABLE = YES;
				IPHONEOS_DEPLOYMENT_TARGET = 7.1;
				ONLY_ACTIVE_ARCH = YES;
				SDKROOT = iphoneos;
				TARGETED_DEVICE_FAMILY = "1,2";
			};
			name = Debug;
		};
		528C8A7C196008AD005DAD1E /* Release */ = {
			isa = XCBuildConfiguration;
			buildSettings = {
				ALWAYS_SEARCH_USER_PATHS = NO;
				CLANG_CXX_LANGUAGE_STANDARD = "gnu++0x";
				CLANG_CXX_LIBRARY = "libc++";
				CLANG_ENABLE_MODULES = YES;
				CLANG_ENABLE_OBJC_ARC = YES;
				CLANG_WARN_BOOL_CONVERSION = YES;
				CLANG_WARN_CONSTANT_CONVERSION = YES;
				CLANG_WARN_DIRECT_OBJC_ISA_USAGE = YES_ERROR;
				CLANG_WARN_EMPTY_BODY = YES;
				CLANG_WARN_ENUM_CONVERSION = YES;
				CLANG_WARN_INT_CONVERSION = YES;
				CLANG_WARN_OBJC_ROOT_CLASS = YES_ERROR;
				CLANG_WARN__DUPLICATE_METHOD_MATCH = YES;
				"CODE_SIGN_IDENTITY[sdk=iphoneos*]" = "iPhone Developer";
				COPY_PHASE_STRIP = YES;
				ENABLE_NS_ASSERTIONS = NO;
				GCC_C_LANGUAGE_STANDARD = gnu99;
				GCC_WARN_64_TO_32_BIT_CONVERSION = YES;
				GCC_WARN_ABOUT_RETURN_TYPE = YES_ERROR;
				GCC_WARN_UNDECLARED_SELECTOR = YES;
				GCC_WARN_UNINITIALIZED_AUTOS = YES_AGGRESSIVE;
				GCC_WARN_UNUSED_FUNCTION = YES;
				GCC_WARN_UNUSED_VARIABLE = YES;
				IPHONEOS_DEPLOYMENT_TARGET = 7.1;
				SDKROOT = iphoneos;
				TARGETED_DEVICE_FAMILY = "1,2";
				VALIDATE_PRODUCT = YES;
			};
			name = Release;
		};
		528C8A7E196008AD005DAD1E /* Debug */ = {
			isa = XCBuildConfiguration;
			buildSettings = {
				ASSETCATALOG_COMPILER_APPICON_NAME = AppIcon;
				ASSETCATALOG_COMPILER_LAUNCHIMAGE_NAME = LaunchImage;
				GCC_PRECOMPILE_PREFIX_HEADER = YES;
				GCC_PREFIX_HEADER = "Mash/Mash-Prefix.pch";
				INFOPLIST_FILE = "Mash/Mash-Info.plist";
				PRODUCT_NAME = "$(TARGET_NAME)";
				WRAPPER_EXTENSION = app;
			};
			name = Debug;
		};
		528C8A7F196008AD005DAD1E /* Release */ = {
			isa = XCBuildConfiguration;
			buildSettings = {
				ASSETCATALOG_COMPILER_APPICON_NAME = AppIcon;
				ASSETCATALOG_COMPILER_LAUNCHIMAGE_NAME = LaunchImage;
				GCC_PRECOMPILE_PREFIX_HEADER = YES;
				GCC_PREFIX_HEADER = "Mash/Mash-Prefix.pch";
				INFOPLIST_FILE = "Mash/Mash-Info.plist";
				PRODUCT_NAME = "$(TARGET_NAME)";
				WRAPPER_EXTENSION = app;
			};
			name = Release;
		};
		528C8A81196008AD005DAD1E /* Debug */ = {
			isa = XCBuildConfiguration;
			buildSettings = {
				BUNDLE_LOADER = "$(BUILT_PRODUCTS_DIR)/Mash.app/Mash";
				FRAMEWORK_SEARCH_PATHS = (
					"$(SDKROOT)/Developer/Library/Frameworks",
					"$(inherited)",
					"$(DEVELOPER_FRAMEWORKS_DIR)",
				);
				GCC_PRECOMPILE_PREFIX_HEADER = YES;
				GCC_PREFIX_HEADER = "Mash/Mash-Prefix.pch";
				GCC_PREPROCESSOR_DEFINITIONS = (
					"DEBUG=1",
					"$(inherited)",
				);
				INFOPLIST_FILE = "MashTests/MashTests-Info.plist";
				PRODUCT_NAME = "$(TARGET_NAME)";
				TEST_HOST = "$(BUNDLE_LOADER)";
				WRAPPER_EXTENSION = xctest;
			};
			name = Debug;
		};
		528C8A82196008AD005DAD1E /* Release */ = {
			isa = XCBuildConfiguration;
			buildSettings = {
				BUNDLE_LOADER = "$(BUILT_PRODUCTS_DIR)/Mash.app/Mash";
				FRAMEWORK_SEARCH_PATHS = (
					"$(SDKROOT)/Developer/Library/Frameworks",
					"$(inherited)",
					"$(DEVELOPER_FRAMEWORKS_DIR)",
				);
				GCC_PRECOMPILE_PREFIX_HEADER = YES;
				GCC_PREFIX_HEADER = "Mash/Mash-Prefix.pch";
				INFOPLIST_FILE = "MashTests/MashTests-Info.plist";
				PRODUCT_NAME = "$(TARGET_NAME)";
				TEST_HOST = "$(BUNDLE_LOADER)";
				WRAPPER_EXTENSION = xctest;
			};
			name = Release;
		};
/* End XCBuildConfiguration section */

/* Begin XCConfigurationList section */
		528C8A40196008AD005DAD1E /* Build configuration list for PBXProject "Mash" */ = {
			isa = XCConfigurationList;
			buildConfigurations = (
				528C8A7B196008AD005DAD1E /* Debug */,
				528C8A7C196008AD005DAD1E /* Release */,
			);
			defaultConfigurationIsVisible = 0;
			defaultConfigurationName = Debug;
		};
		528C8A7D196008AD005DAD1E /* Build configuration list for PBXNativeTarget "Mash" */ = {
			isa = XCConfigurationList;
			buildConfigurations = (
				528C8A7E196008AD005DAD1E /* Debug */,
				528C8A7F196008AD005DAD1E /* Release */,
			);
			defaultConfigurationIsVisible = 0;
			defaultConfigurationName = Debug;
		};
		528C8A80196008AD005DAD1E /* Build configuration list for PBXNativeTarget "MashTests" */ = {
			isa = XCConfigurationList;
			buildConfigurations = (
				528C8A81196008AD005DAD1E /* Debug */,
				528C8A82196008AD005DAD1E /* Release */,
			);
			defaultConfigurationIsVisible = 0;
			defaultConfigurationName = Debug;
		};
/* End XCConfigurationList section */
	};
	rootObject = 528C8A3D196008AD005DAD1E /* Project object */;
}
